<?xml version="1.0" encoding="utf-8"?>
<Project ToolsVersion="4.0" xmlns="http://schemas.microsoft.com/developer/msbuild/2003">
  <ItemGroup>
    <ClCompile Include="$(MSBuildThisFileDirectory)EmptyCustomFilter.cpp" />
    <ClCompile Include="$(MSBuildThisFileDirectory)RgbGainCustomFilter.cpp" />
    <ClCompile Include="$(MSBuildThisFileDirectory)..\..\..\CustomFilter\CustomFilterSession.cpp">
      <Filter>CustomFilter</Filter>
    </ClCompile>
  </ItemGroup>
  <ItemGroup>
    <ClInclude Include="$(MSBuildThisFileDirectory)..\..\..\CustomFilter\CustomFilterBase.h">
      <Filter>CustomFilter</Filter>
    </ClInclude>
    <ClInclude Include="$(MSBuildThisFileDirectory)..\..\..\CustomFilter\CustomFilterCx.h">
      <Filter>CustomFilter</Filter>
    </ClInclude>
    <ClInclude Include="$(MSBuildThisFileDirectory)..\..\..\CustomFilter\CustomFilterSession.h">
      <Filter>CustomFilter</Filter>
    </ClInclude>
  </ItemGroup>
  <ItemGroup>
    <Midl Include="$(MSBuildThisFileDirectory)EmptyCustomFilter.idl" />
    <Midl Include="$(MSBuildThisFileDirectory)RgbGainCustomFilter.idl" />
  </ItemGroup>
  <ItemGroup>
    <Filter Include="CustomFilter">
      <UniqueIdentifier>{e34f606a-e2d7-4693-bb38-1a01f4ce4776}</UniqueIdentifier>
    </Filter>
  </ItemGroup>
</Project>